
Microsoft Visual Studio Solution File, Format Version 12.00
# Visual Studio Version 17
VisualStudioVersion = 17.3.32825.248
MinimumVisualStudioVersion = 10.0.40219.1
Project("{FAE04EC0-301F-11D3-BF4B-00C04F79EFBC}") = "TI_1", "TI_1\TI_1.csproj", "{B070F043-80DC-4FEA-A4A3-334C3D818C05}"
EndProject
Global
	GlobalSection(SolutionConfigurationPlatforms) = preSolution
		Debug|Any CPU = Debug|Any CPU
		Release|Any CPU = Release|Any CPU
	EndGlobalSection
	GlobalSection(ProjectConfigurationPlatforms) = postSolution
		{B070F043-80DC-4FEA-A4A3-334C3D818C05}.Debug|Any CPU.ActiveCfg = Debug|Any CPU
		{B070F043-80DC-4FEA-A4A3-334C3D818C05}.Debug|Any CPU.Build.0 = Debug|Any CPU
		{B070F043-80DC-4FEA-A4A3-334C3D818C05}.Release|Any CPU.ActiveCfg = Release|Any CPU
		{B070F043-80DC-4FEA-A4A3-334C3D818C05}.Release|Any CPU.Build.0 = Release|Any CPU
	EndGlobalSection
	GlobalSection(SolutionProperties) = preSolution
		HideSolutionNode = FALSE
	EndGlobalSection
	GlobalSection(ExtensibilityGlobals) = postSolution
		SolutionGuid = {6E1AC162-E549-45C2-9A39-E8D9E69CD3ED}
	EndGlobalSection
EndGlobal
